
Microsoft Visual Studio Solution File, Format Version 12.00
# Visual Studio Version 17
VisualStudioVersion = 17.6.33829.357
MinimumVisualStudioVersion = 10.0.40219.1
Project("{FAE04EC0-301F-11D3-BF4B-00C04F79EFBC}") = "Undine.Primal", "Undine.Primal\Undine.Primal.csproj", "{22D78885-BC58-4E51-AEFC-005D36DE6CFA}"
EndProject
Project("{FAE04EC0-301F-11D3-BF4B-00C04F79EFBC}") = "Primal", "Primal-master\Primal.csproj", "{26D3B5A7-A8E3-4800-A3B2-6FE316CC23BE}"
EndProject
Project("{FAE04EC0-301F-11D3-BF4B-00C04F79EFBC}") = "Undine.Primal.Console", "Undine.Primal.Console\Undine.Primal.Console.csproj", "{5FDC0700-F3E2-49C4-AE15-7427E73E0A1A}"
EndProject
Project("{FAE04EC0-301F-11D3-BF4B-00C04F79EFBC}") = "Undine.Primal.Tests", "Undine.Primal.Tests\Undine.Primal.Tests.csproj", "{399B5A41-177D-4C8C-B3E2-0D11EDB0A729}"
EndProject
Global
	GlobalSection(SolutionConfigurationPlatforms) = preSolution
		Debug|Any CPU = Debug|Any CPU
		Release|Any CPU = Release|Any CPU
	EndGlobalSection
	GlobalSection(ProjectConfigurationPlatforms) = postSolution
		{22D78885-BC58-4E51-AEFC-005D36DE6CFA}.Debug|Any CPU.ActiveCfg = Debug|Any CPU
		{22D78885-BC58-4E51-AEFC-005D36DE6CFA}.Debug|Any CPU.Build.0 = Debug|Any CPU
		{22D78885-BC58-4E51-AEFC-005D36DE6CFA}.Release|Any CPU.ActiveCfg = Release|Any CPU
		{22D78885-BC58-4E51-AEFC-005D36DE6CFA}.Release|Any CPU.Build.0 = Release|Any CPU
		{26D3B5A7-A8E3-4800-A3B2-6FE316CC23BE}.Debug|Any CPU.ActiveCfg = Debug|Any CPU
		{26D3B5A7-A8E3-4800-A3B2-6FE316CC23BE}.Debug|Any CPU.Build.0 = Debug|Any CPU
		{26D3B5A7-A8E3-4800-A3B2-6FE316CC23BE}.Release|Any CPU.ActiveCfg = Release|Any CPU
		{26D3B5A7-A8E3-4800-A3B2-6FE316CC23BE}.Release|Any CPU.Build.0 = Release|Any CPU
		{5FDC0700-F3E2-49C4-AE15-7427E73E0A1A}.Debug|Any CPU.ActiveCfg = Debug|Any CPU
		{5FDC0700-F3E2-49C4-AE15-7427E73E0A1A}.Debug|Any CPU.Build.0 = Debug|Any CPU
		{5FDC0700-F3E2-49C4-AE15-7427E73E0A1A}.Release|Any CPU.ActiveCfg = Release|Any CPU
		{5FDC0700-F3E2-49C4-AE15-7427E73E0A1A}.Release|Any CPU.Build.0 = Release|Any CPU
		{399B5A41-177D-4C8C-B3E2-0D11EDB0A729}.Debug|Any CPU.ActiveCfg = Debug|Any CPU
		{399B5A41-177D-4C8C-B3E2-0D11EDB0A729}.Debug|Any CPU.Build.0 = Debug|Any CPU
		{399B5A41-177D-4C8C-B3E2-0D11EDB0A729}.Release|Any CPU.ActiveCfg = Release|Any CPU
		{399B5A41-177D-4C8C-B3E2-0D11EDB0A729}.Release|Any CPU.Build.0 = Release|Any CPU
	EndGlobalSection
	GlobalSection(SolutionProperties) = preSolution
		HideSolutionNode = FALSE
	EndGlobalSection
	GlobalSection(ExtensibilityGlobals) = postSolution
		SolutionGuid = {B285CD20-9214-43E5-800E-747AF9847C52}
	EndGlobalSection
EndGlobal
